
Microsoft Visual Studio Solution File, Format Version 12.00
# Visual Studio Version 17
VisualStudioVersion = 17.5.002.0
MinimumVisualStudioVersion = 10.0.40219.1
Project("{9A19103F-16F7-4668-BE54-9A1E7A4F7556}") = "ExhaustiveSearch", "ExhaustiveSearch.csproj", "{227D4FC1-5E4E-417C-AA4E-3543D57A1683}"
EndProject
Global
	GlobalSection(SolutionConfigurationPlatforms) = preSolution
		Debug|Any CPU = Debug|Any CPU
		Release|Any CPU = Release|Any CPU
	EndGlobalSection
	GlobalSection(ProjectConfigurationPlatforms) = postSolution
		{227D4FC1-5E4E-417C-AA4E-3543D57A1683}.Debug|Any CPU.ActiveCfg = Debug|Any CPU
		{227D4FC1-5E4E-417C-AA4E-3543D57A1683}.Debug|Any CPU.Build.0 = Debug|Any CPU
		{227D4FC1-5E4E-417C-AA4E-3543D57A1683}.Release|Any CPU.ActiveCfg = Release|Any CPU
		{227D4FC1-5E4E-417C-AA4E-3543D57A1683}.Release|Any CPU.Build.0 = Release|Any CPU
	EndGlobalSection
	GlobalSection(SolutionProperties) = preSolution
		HideSolutionNode = FALSE
	EndGlobalSection
	GlobalSection(ExtensibilityGlobals) = postSolution
		SolutionGuid = {7F52D1F3-199B-461F-ABE3-EFB231048562}
	EndGlobalSection
EndGlobal
